
Microsoft Visual Studio Solution File, Format Version 12.00
# Visual Studio Version 17
VisualStudioVersion = 17.10.35027.167
MinimumVisualStudioVersion = 10.0.40219.1
Project("{9A19103F-16F7-4668-BE54-9A1E7A4F7556}") = "Event", "Event.csproj", "{BA2ED55B-92BB-4563-B176-B4DF94A280BD}"
EndProject
Global
	GlobalSection(SolutionConfigurationPlatforms) = preSolution
		Debug|Any CPU = Debug|Any CPU
		Release|Any CPU = Release|Any CPU
	EndGlobalSection
	GlobalSection(ProjectConfigurationPlatforms) = postSolution
		{BA2ED55B-92BB-4563-B176-B4DF94A280BD}.Debug|Any CPU.ActiveCfg = Debug|Any CPU
		{BA2ED55B-92BB-4563-B176-B4DF94A280BD}.Debug|Any CPU.Build.0 = Debug|Any CPU
		{BA2ED55B-92BB-4563-B176-B4DF94A280BD}.Release|Any CPU.ActiveCfg = Release|Any CPU
		{BA2ED55B-92BB-4563-B176-B4DF94A280BD}.Release|Any CPU.Build.0 = Release|Any CPU
	EndGlobalSection
	GlobalSection(SolutionProperties) = preSolution
		HideSolutionNode = FALSE
	EndGlobalSection
	GlobalSection(ExtensibilityGlobals) = postSolution
		SolutionGuid = {A9D9C11D-B08C-435F-A4F9-2CB6DD1992F8}
	EndGlobalSection
EndGlobal
